
Microsoft Visual Studio Solution File, Format Version 12.00
# Visual Studio Version 16
VisualStudioVersion = 16.0.29123.88
MinimumVisualStudioVersion = 10.0.40219.1
Project("{8BC9CEB8-8B4A-11D0-8D11-00A0C91BC942}") = "AutoLogin", "AutoLogin\AutoLogin.vcxproj", "{01A022A0-7A5A-4565-A76F-67316EC62250}"
EndProject
Project("{8BC9CEB8-8B4A-11D0-8D11-00A0C91BC942}") = "TestMethod", "TestMethod\TestMethod.vcxproj", "{A9241498-17BB-4CAF-9C7A-F770C5A1D164}"
EndProject
Project("{8BC9CEB8-8B4A-11D0-8D11-00A0C91BC942}") = "GUITest", "GUITest\GUITest.vcxproj", "{7A2C2902-75D5-484A-A6C1-22213B8AF538}"
EndProject
Project("{8BC9CEB8-8B4A-11D0-8D11-00A0C91BC942}") = "KeyBoardHOOK", "KeyBoardHOOK\KeyBoardHOOK.vcxproj", "{3BB10F3F-36B4-47DC-A547-BC94B716D996}"
EndProject
Project("{8BC9CEB8-8B4A-11D0-8D11-00A0C91BC942}") = "Win32Test", "Win32Test\Win32Test.vcxproj", "{1A71A6FE-5ADD-48E6-93B3-3EB857D8B689}"
EndProject
Project("{8BC9CEB8-8B4A-11D0-8D11-00A0C91BC942}") = "TankLogin", "TankLogin\TankLogin.vcxproj", "{2A4E33BE-F52F-4CF8-A29C-F17306FB924D}"
EndProject
Project("{FAE04EC0-301F-11D3-BF4B-00C04F79EFBC}") = "MessageTest", "MessageTest\MessageTest.csproj", "{A08CD21F-568C-477B-95C1-E03C4E6F4884}"
EndProject
Global
	GlobalSection(SolutionConfigurationPlatforms) = preSolution
		Debug|Any CPU = Debug|Any CPU
		Debug|ARM = Debug|ARM
		Debug|ARM64 = Debug|ARM64
		Debug|x64 = Debug|x64
		Debug|x86 = Debug|x86
		Release|Any CPU = Release|Any CPU
		Release|ARM = Release|ARM
		Release|ARM64 = Release|ARM64
		Release|x64 = Release|x64
		Release|x86 = Release|x86
	EndGlobalSection
	GlobalSection(ProjectConfigurationPlatforms) = postSolution
		{01A022A0-7A5A-4565-A76F-67316EC62250}.Debug|Any CPU.ActiveCfg = Debug|Win32
		{01A022A0-7A5A-4565-A76F-67316EC62250}.Debug|ARM.ActiveCfg = Debug|Win32
		{01A022A0-7A5A-4565-A76F-67316EC62250}.Debug|ARM64.ActiveCfg = Debug|Win32
		{01A022A0-7A5A-4565-A76F-67316EC62250}.Debug|x64.ActiveCfg = Debug|x64
		{01A022A0-7A5A-4565-A76F-67316EC62250}.Debug|x64.Build.0 = Debug|x64
		{01A022A0-7A5A-4565-A76F-67316EC62250}.Debug|x86.ActiveCfg = Debug|Win32
		{01A022A0-7A5A-4565-A76F-67316EC62250}.Debug|x86.Build.0 = Debug|Win32
		{01A022A0-7A5A-4565-A76F-67316EC62250}.Release|Any CPU.ActiveCfg = Release|Win32
		{01A022A0-7A5A-4565-A76F-67316EC62250}.Release|ARM.ActiveCfg = Release|Win32
		{01A022A0-7A5A-4565-A76F-67316EC62250}.Release|ARM64.ActiveCfg = Release|Win32
		{01A022A0-7A5A-4565-A76F-67316EC62250}.Release|x64.ActiveCfg = Release|x64
		{01A022A0-7A5A-4565-A76F-67316EC62250}.Release|x64.Build.0 = Release|x64
		{01A022A0-7A5A-4565-A76F-67316EC62250}.Release|x86.ActiveCfg = Release|Win32
		{01A022A0-7A5A-4565-A76F-67316EC62250}.Release|x86.Build.0 = Release|Win32
		{A9241498-17BB-4CAF-9C7A-F770C5A1D164}.Debug|Any CPU.ActiveCfg = Debug|Win32
		{A9241498-17BB-4CAF-9C7A-F770C5A1D164}.Debug|ARM.ActiveCfg = Debug|Win32
		{A9241498-17BB-4CAF-9C7A-F770C5A1D164}.Debug|ARM64.ActiveCfg = Debug|Win32
		{A9241498-17BB-4CAF-9C7A-F770C5A1D164}.Debug|x64.ActiveCfg = Debug|x64
		{A9241498-17BB-4CAF-9C7A-F770C5A1D164}.Debug|x64.Build.0 = Debug|x64
		{A9241498-17BB-4CAF-9C7A-F770C5A1D164}.Debug|x86.ActiveCfg = Debug|Win32
		{A9241498-17BB-4CAF-9C7A-F770C5A1D164}.Debug|x86.Build.0 = Debug|Win32
		{A9241498-17BB-4CAF-9C7A-F770C5A1D164}.Release|Any CPU.ActiveCfg = Release|Win32
		{A9241498-17BB-4CAF-9C7A-F770C5A1D164}.Release|ARM.ActiveCfg = Release|Win32
		{A9241498-17BB-4CAF-9C7A-F770C5A1D164}.Release|ARM64.ActiveCfg = Release|Win32
		{A9241498-17BB-4CAF-9C7A-F770C5A1D164}.Release|x64.ActiveCfg = Release|x64
		{A9241498-17BB-4CAF-9C7A-F770C5A1D164}.Release|x64.Build.0 = Release|x64
		{A9241498-17BB-4CAF-9C7A-F770C5A1D164}.Release|x86.ActiveCfg = Release|Win32
		{A9241498-17BB-4CAF-9C7A-F770C5A1D164}.Release|x86.Build.0 = Release|Win32
		{7A2C2902-75D5-484A-A6C1-22213B8AF538}.Debug|Any CPU.ActiveCfg = Debug|Win32
		{7A2C2902-75D5-484A-A6C1-22213B8AF538}.Debug|ARM.ActiveCfg = Debug|Win32
		{7A2C2902-75D5-484A-A6C1-22213B8AF538}.Debug|ARM64.ActiveCfg = Debug|Win32
		{7A2C2902-75D5-484A-A6C1-22213B8AF538}.Debug|x64.ActiveCfg = Debug|x64
		{7A2C2902-75D5-484A-A6C1-22213B8AF538}.Debug|x64.Build.0 = Debug|x64
		{7A2C2902-75D5-484A-A6C1-22213B8AF538}.Debug|x86.ActiveCfg = Debug|Win32
		{7A2C2902-75D5-484A-A6C1-22213B8AF538}.Debug|x86.Build.0 = Debug|Win32
		{7A2C2902-75D5-484A-A6C1-22213B8AF538}.Release|Any CPU.ActiveCfg = Release|Win32
		{7A2C2902-75D5-484A-A6C1-22213B8AF538}.Release|ARM.ActiveCfg = Release|Win32
		{7A2C2902-75D5-484A-A6C1-22213B8AF538}.Release|ARM64.ActiveCfg = Release|Win32
		{7A2C2902-75D5-484A-A6C1-22213B8AF538}.Release|x64.ActiveCfg = Release|x64
		{7A2C2902-75D5-484A-A6C1-22213B8AF538}.Release|x64.Build.0 = Release|x64
		{7A2C2902-75D5-484A-A6C1-22213B8AF538}.Release|x86.ActiveCfg = Release|Win32
		{7A2C2902-75D5-484A-A6C1-22213B8AF538}.Release|x86.Build.0 = Release|Win32
		{3BB10F3F-36B4-47DC-A547-BC94B716D996}.Debug|Any CPU.ActiveCfg = Debug|Win32
		{3BB10F3F-36B4-47DC-A547-BC94B716D996}.Debug|ARM.ActiveCfg = Debug|Win32
		{3BB10F3F-36B4-47DC-A547-BC94B716D996}.Debug|ARM64.ActiveCfg = Debug|Win32
		{3BB10F3F-36B4-47DC-A547-BC94B716D996}.Debug|x64.ActiveCfg = Debug|x64
		{3BB10F3F-36B4-47DC-A547-BC94B716D996}.Debug|x64.Build.0 = Debug|x64
		{3BB10F3F-36B4-47DC-A547-BC94B716D996}.Debug|x86.ActiveCfg = Debug|Win32
		{3BB10F3F-36B4-47DC-A547-BC94B716D996}.Debug|x86.Build.0 = Debug|Win32
		{3BB10F3F-36B4-47DC-A547-BC94B716D996}.Release|Any CPU.ActiveCfg = Release|Win32
		{3BB10F3F-36B4-47DC-A547-BC94B716D996}.Release|ARM.ActiveCfg = Release|Win32
		{3BB10F3F-36B4-47DC-A547-BC94B716D996}.Release|ARM64.ActiveCfg = Release|Win32
		{3BB10F3F-36B4-47DC-A547-BC94B716D996}.Release|x64.ActiveCfg = Release|x64
		{3BB10F3F-36B4-47DC-A547-BC94B716D996}.Release|x64.Build.0 = Release|x64
		{3BB10F3F-36B4-47DC-A547-BC94B716D996}.Release|x86.ActiveCfg = Release|Win32
		{3BB10F3F-36B4-47DC-A547-BC94B716D996}.Release|x86.Build.0 = Release|Win32
		{1A71A6FE-5ADD-48E6-93B3-3EB857D8B689}.Debug|Any CPU.ActiveCfg = Debug|Win32
		{1A71A6FE-5ADD-48E6-93B3-3EB857D8B689}.Debug|ARM.ActiveCfg = Debug|Win32
		{1A71A6FE-5ADD-48E6-93B3-3EB857D8B689}.Debug|ARM64.ActiveCfg = Debug|Win32
		{1A71A6FE-5ADD-48E6-93B3-3EB857D8B689}.Debug|x64.ActiveCfg = Debug|x64
		{1A71A6FE-5ADD-48E6-93B3-3EB857D8B689}.Debug|x64.Build.0 = Debug|x64
		{1A71A6FE-5ADD-48E6-93B3-3EB857D8B689}.Debug|x86.ActiveCfg = Debug|Win32
		{1A71A6FE-5ADD-48E6-93B3-3EB857D8B689}.Debug|x86.Build.0 = Debug|Win32
		{1A71A6FE-5ADD-48E6-93B3-3EB857D8B689}.Release|Any CPU.ActiveCfg = Release|Win32
		{1A71A6FE-5ADD-48E6-93B3-3EB857D8B689}.Release|ARM.ActiveCfg = Release|Win32
		{1A71A6FE-5ADD-48E6-93B3-3EB857D8B689}.Release|ARM64.ActiveCfg = Release|Win32
		{1A71A6FE-5ADD-48E6-93B3-3EB857D8B689}.Release|x64.ActiveCfg = Release|x64
		{1A71A6FE-5ADD-48E6-93B3-3EB857D8B689}.Release|x64.Build.0 = Release|x64
		{1A71A6FE-5ADD-48E6-93B3-3EB857D8B689}.Release|x86.ActiveCfg = Release|Win32
		{1A71A6FE-5ADD-48E6-93B3-3EB857D8B689}.Release|x86.Build.0 = Release|Win32
		{2A4E33BE-F52F-4CF8-A29C-F17306FB924D}.Debug|Any CPU.ActiveCfg = Debug|Win32
		{2A4E33BE-F52F-4CF8-A29C-F17306FB924D}.Debug|ARM.ActiveCfg = Debug|Win32
		{2A4E33BE-F52F-4CF8-A29C-F17306FB924D}.Debug|ARM64.ActiveCfg = Debug|Win32
		{2A4E33BE-F52F-4CF8-A29C-F17306FB924D}.Debug|x64.ActiveCfg = Debug|x64
		{2A4E33BE-F52F-4CF8-A29C-F17306FB924D}.Debug|x64.Build.0 = Debug|x64
		{2A4E33BE-F52F-4CF8-A29C-F17306FB924D}.Debug|x86.ActiveCfg = Debug|Win32
		{2A4E33BE-F52F-4CF8-A29C-F17306FB924D}.Debug|x86.Build.0 = Debug|Win32
		{2A4E33BE-F52F-4CF8-A29C-F17306FB924D}.Release|Any CPU.ActiveCfg = Release|Win32
		{2A4E33BE-F52F-4CF8-A29C-F17306FB924D}.Release|ARM.ActiveCfg = Release|Win32
		{2A4E33BE-F52F-4CF8-A29C-F17306FB924D}.Release|ARM64.ActiveCfg = Release|Win32
		{2A4E33BE-F52F-4CF8-A29C-F17306FB924D}.Release|x64.ActiveCfg = Release|x64
		{2A4E33BE-F52F-4CF8-A29C-F17306FB924D}.Release|x64.Build.0 = Release|x64
		{2A4E33BE-F52F-4CF8-A29C-F17306FB924D}.Release|x86.ActiveCfg = Release|Win32
		{2A4E33BE-F52F-4CF8-A29C-F17306FB924D}.Release|x86.Build.0 = Release|Win32
		{A08CD21F-568C-477B-95C1-E03C4E6F4884}.Debug|Any CPU.ActiveCfg = Debug|Any CPU
		{A08CD21F-568C-477B-95C1-E03C4E6F4884}.Debug|Any CPU.Build.0 = Debug|Any CPU
		{A08CD21F-568C-477B-95C1-E03C4E6F4884}.Debug|ARM.ActiveCfg = Debug|Any CPU
		{A08CD21F-568C-477B-95C1-E03C4E6F4884}.Debug|ARM.Build.0 = Debug|Any CPU
		{A08CD21F-568C-477B-95C1-E03C4E6F4884}.Debug|ARM64.ActiveCfg = Debug|Any CPU
		{A08CD21F-568C-477B-95C1-E03C4E6F4884}.Debug|ARM64.Build.0 = Debug|Any CPU
		{A08CD21F-568C-477B-95C1-E03C4E6F4884}.Debug|x64.ActiveCfg = Debug|Any CPU
		{A08CD21F-568C-477B-95C1-E03C4E6F4884}.Debug|x64.Build.0 = Debug|Any CPU
		{A08CD21F-568C-477B-95C1-E03C4E6F4884}.Debug|x86.ActiveCfg = Debug|Any CPU
		{A08CD21F-568C-477B-95C1-E03C4E6F4884}.Debug|x86.Build.0 = Debug|Any CPU
		{A08CD21F-568C-477B-95C1-E03C4E6F4884}.Release|Any CPU.ActiveCfg = Release|Any CPU
		{A08CD21F-568C-477B-95C1-E03C4E6F4884}.Release|Any CPU.Build.0 = Release|Any CPU
		{A08CD21F-568C-477B-95C1-E03C4E6F4884}.Release|ARM.ActiveCfg = Release|Any CPU
		{A08CD21F-568C-477B-95C1-E03C4E6F4884}.Release|ARM.Build.0 = Release|Any CPU
		{A08CD21F-568C-477B-95C1-E03C4E6F4884}.Release|ARM64.ActiveCfg = Release|Any CPU
		{A08CD21F-568C-477B-95C1-E03C4E6F4884}.Release|ARM64.Build.0 = Release|Any CPU
		{A08CD21F-568C-477B-95C1-E03C4E6F4884}.Release|x64.ActiveCfg = Release|Any CPU
		{A08CD21F-568C-477B-95C1-E03C4E6F4884}.Release|x64.Build.0 = Release|Any CPU
		{A08CD21F-568C-477B-95C1-E03C4E6F4884}.Release|x86.ActiveCfg = Release|Any CPU
		{A08CD21F-568C-477B-95C1-E03C4E6F4884}.Release|x86.Build.0 = Release|Any CPU
	EndGlobalSection
	GlobalSection(SolutionProperties) = preSolution
		HideSolutionNode = FALSE
	EndGlobalSection
	GlobalSection(ExtensibilityGlobals) = postSolution
		SolutionGuid = {AD688CE0-9847-4D31-874F-6A15D6E76AA9}
	EndGlobalSection
EndGlobal
